PODS:
  - Flutter (1.0.0)
  - hyperpay_plugin (0.0.5):
    - Flutter
    - hyperpay_sdk (~> 6.16.0)
  - hyperpay_sdk (6.16.0)

DEPENDENCIES:
  - Flutter (from `Flutter`)
  - hyperpay_plugin (from `.symlinks/plugins/hyperpay_plugin/ios`)
  - hyperpay_sdk (from `https://github.com/ahmedelkhyary/hyperpay_sdk.git`)

EXTERNAL SOURCES:
  Flutter:
    :path: Flutter
  hyperpay_plugin:
    :path: ".symlinks/plugins/hyperpay_plugin/ios"
  hyperpay_sdk:
    :git: https://github.com/ahmedelkhyary/hyperpay_sdk.git

CHECKOUT OPTIONS:
  hyperpay_sdk:
    :commit: 68f25a683693cd60d868e307dde9f01125ccc275
    :git: https://github.com/ahmedelkhyary/hyperpay_sdk.git

SPEC CHECKSUMS:
  Flutter: e0871f40cf51350855a761d2e70bf5af5b9b5de7
  hyperpay_plugin: db349fca2d168c2d509221bfce55937ac90c50d9
  hyperpay_sdk: 96d170808f8c9f50a246d2786beb4e3a0a3b0dc4

PODFILE CHECKSUM: 5532d66c7faeb3a4e12b13eb59b65d27c25e0eaa

COCOAPODS: 1.16.2
